
Microsoft Visual Studio Solution File, Format Version 12.00
# Visual Studio Version 16
VisualStudioVersion = 16.0.31025.194
MinimumVisualStudioVersion = 10.0.40219.1
Project("{FAE04EC0-301F-11D3-BF4B-00C04F79EFBC}") = "EwatchDisconnectionWizardV2", "EwatchDisconnectionWizardV2\EwatchDisconnectionWizardV2.csproj", "{0D7B2EC2-F6B0-418C-AAF0-3EAA0F980113}"
EndProject
Global
	GlobalSection(SolutionConfigurationPlatforms) = preSolution
		Debug|Any CPU = Debug|Any CPU
		Release|Any CPU = Release|Any CPU
	EndGlobalSection
	GlobalSection(ProjectConfigurationPlatforms) = postSolution
		{0D7B2EC2-F6B0-418C-AAF0-3EAA0F980113}.Debug|Any CPU.ActiveCfg = Debug|Any CPU
		{0D7B2EC2-F6B0-418C-AAF0-3EAA0F980113}.Debug|Any CPU.Build.0 = Debug|Any CPU
		{0D7B2EC2-F6B0-418C-AAF0-3EAA0F980113}.Release|Any CPU.ActiveCfg = Release|Any CPU
		{0D7B2EC2-F6B0-418C-AAF0-3EAA0F980113}.Release|Any CPU.Build.0 = Release|Any CPU
	EndGlobalSection
	GlobalSection(SolutionProperties) = preSolution
		HideSolutionNode = FALSE
	EndGlobalSection
	GlobalSection(ExtensibilityGlobals) = postSolution
		SolutionGuid = {C76E05EA-7D50-4038-B3BE-91B81386B7E0}
	EndGlobalSection
EndGlobal
